
Microsoft Visual Studio Solution File, Format Version 12.00
# Visual Studio Version 16
VisualStudioVersion = 16.0.29424.173
MinimumVisualStudioVersion = 10.0.40219.1
Project("{FAE04EC0-301F-11D3-BF4B-00C04F79EFBC}") = "bygr-project", "bygr-project\bygr-project.csproj", "{13068DC7-A062-4378-ADBC-E6A2F41BF989}"
EndProject
Global
	GlobalSection(SolutionConfigurationPlatforms) = preSolution
		Debug|Any CPU = Debug|Any CPU
		Release|Any CPU = Release|Any CPU
	EndGlobalSection
	GlobalSection(ProjectConfigurationPlatforms) = postSolution
		{13068DC7-A062-4378-ADBC-E6A2F41BF989}.Debug|Any CPU.ActiveCfg = Debug|Any CPU
		{13068DC7-A062-4378-ADBC-E6A2F41BF989}.Debug|Any CPU.Build.0 = Debug|Any CPU
		{13068DC7-A062-4378-ADBC-E6A2F41BF989}.Release|Any CPU.ActiveCfg = Release|Any CPU
		{13068DC7-A062-4378-ADBC-E6A2F41BF989}.Release|Any CPU.Build.0 = Release|Any CPU
	EndGlobalSection
	GlobalSection(SolutionProperties) = preSolution
		HideSolutionNode = FALSE
	EndGlobalSection
	GlobalSection(ExtensibilityGlobals) = postSolution
		SolutionGuid = {1B915020-E38D-4507-9DF4-70990BAE1C99}
	EndGlobalSection
EndGlobal
